
Microsoft Visual Studio Solution File, Format Version 12.00
# Visual Studio Version 16
VisualStudioVersion = 16.0.30011.22
MinimumVisualStudioVersion = 10.0.40219.1
Project("{8BC9CEB8-8B4A-11D0-8D11-00A0C91BC942}") = "pic10c-FinalProject-SameGame", "pic10c-FinalProject-SameGame\pic10c-FinalProject-SameGame.vcxproj", "{500CD968-246F-4E9E-B556-4DF9794B0741}"
EndProject
Global
	GlobalSection(SolutionConfigurationPlatforms) = preSolution
		Debug|x64 = Debug|x64
		Debug|x86 = Debug|x86
		Release|x64 = Release|x64
		Release|x86 = Release|x86
	EndGlobalSection
	GlobalSection(ProjectConfigurationPlatforms) = postSolution
		{500CD968-246F-4E9E-B556-4DF9794B0741}.Debug|x64.ActiveCfg = Debug|x64
		{500CD968-246F-4E9E-B556-4DF9794B0741}.Debug|x64.Build.0 = Debug|x64
		{500CD968-246F-4E9E-B556-4DF9794B0741}.Debug|x86.ActiveCfg = Debug|Win32
		{500CD968-246F-4E9E-B556-4DF9794B0741}.Debug|x86.Build.0 = Debug|Win32
		{500CD968-246F-4E9E-B556-4DF9794B0741}.Release|x64.ActiveCfg = Release|x64
		{500CD968-246F-4E9E-B556-4DF9794B0741}.Release|x64.Build.0 = Release|x64
		{500CD968-246F-4E9E-B556-4DF9794B0741}.Release|x86.ActiveCfg = Release|Win32
		{500CD968-246F-4E9E-B556-4DF9794B0741}.Release|x86.Build.0 = Release|Win32
	EndGlobalSection
	GlobalSection(SolutionProperties) = preSolution
		HideSolutionNode = FALSE
	EndGlobalSection
	GlobalSection(ExtensibilityGlobals) = postSolution
		SolutionGuid = {8569604B-8062-4253-86D9-786F698EBC00}
	EndGlobalSection
EndGlobal
